
Microsoft Visual Studio Solution File, Format Version 12.00
# Visual Studio 2012
Project("{9092AA53-FB77-4645-B42D-1CCCA6BD08BD}") = "sample-component", "sample-component.njsproj", "{27EF1BA0-7AF3-4C48-8275-EC08825B0828}"
EndProject
Global
	GlobalSection(SolutionConfigurationPlatforms) = preSolution
		Debug|Any CPU = Debug|Any CPU
		Release|Any CPU = Release|Any CPU
	EndGlobalSection
	GlobalSection(ProjectConfigurationPlatforms) = postSolution
		{27EF1BA0-7AF3-4C48-8275-EC08825B0828}.Debug|Any CPU.ActiveCfg = Debug|Any CPU
		{27EF1BA0-7AF3-4C48-8275-EC08825B0828}.Debug|Any CPU.Build.0 = Debug|Any CPU
		{27EF1BA0-7AF3-4C48-8275-EC08825B0828}.Release|Any CPU.ActiveCfg = Release|Any CPU
		{27EF1BA0-7AF3-4C48-8275-EC08825B0828}.Release|Any CPU.Build.0 = Release|Any CPU
	EndGlobalSection
	GlobalSection(SolutionProperties) = preSolution
		HideSolutionNode = FALSE
	EndGlobalSection
EndGlobal
